
Microsoft Visual Studio Solution File, Format Version 12.00
# Visual Studio Version 17
VisualStudioVersion = 17.8.34309.116
MinimumVisualStudioVersion = 10.0.40219.1
Project("{8BC9CEB8-8B4A-11D0-8D11-00A0C91BC942}") = "91b", "91b\91b.vcxproj", "{55282ED1-B9E9-48EF-94F3-A39DA879D1B9}"
EndProject
Project("{8BC9CEB8-8B4A-11D0-8D11-00A0C91BC942}") = "UnitTest9.1В", "UnitTest9.1В\UnitTest9.1В.vcxproj", "{5587B330-D7ED-4439-B6C6-F7AED6B6A8DA}"
EndProject
Global
	GlobalSection(SolutionConfigurationPlatforms) = preSolution
		Debug|x64 = Debug|x64
		Debug|x86 = Debug|x86
		Release|x64 = Release|x64
		Release|x86 = Release|x86
	EndGlobalSection
	GlobalSection(ProjectConfigurationPlatforms) = postSolution
		{55282ED1-B9E9-48EF-94F3-A39DA879D1B9}.Debug|x64.ActiveCfg = Debug|x64
		{55282ED1-B9E9-48EF-94F3-A39DA879D1B9}.Debug|x64.Build.0 = Debug|x64
		{55282ED1-B9E9-48EF-94F3-A39DA879D1B9}.Debug|x86.ActiveCfg = Debug|Win32
		{55282ED1-B9E9-48EF-94F3-A39DA879D1B9}.Debug|x86.Build.0 = Debug|Win32
		{55282ED1-B9E9-48EF-94F3-A39DA879D1B9}.Release|x64.ActiveCfg = Release|x64
		{55282ED1-B9E9-48EF-94F3-A39DA879D1B9}.Release|x64.Build.0 = Release|x64
		{55282ED1-B9E9-48EF-94F3-A39DA879D1B9}.Release|x86.ActiveCfg = Release|Win32
		{55282ED1-B9E9-48EF-94F3-A39DA879D1B9}.Release|x86.Build.0 = Release|Win32
		{5587B330-D7ED-4439-B6C6-F7AED6B6A8DA}.Debug|x64.ActiveCfg = Debug|x64
		{5587B330-D7ED-4439-B6C6-F7AED6B6A8DA}.Debug|x64.Build.0 = Debug|x64
		{5587B330-D7ED-4439-B6C6-F7AED6B6A8DA}.Debug|x86.ActiveCfg = Debug|Win32
		{5587B330-D7ED-4439-B6C6-F7AED6B6A8DA}.Debug|x86.Build.0 = Debug|Win32
		{5587B330-D7ED-4439-B6C6-F7AED6B6A8DA}.Release|x64.ActiveCfg = Release|x64
		{5587B330-D7ED-4439-B6C6-F7AED6B6A8DA}.Release|x64.Build.0 = Release|x64
		{5587B330-D7ED-4439-B6C6-F7AED6B6A8DA}.Release|x86.ActiveCfg = Release|Win32
		{5587B330-D7ED-4439-B6C6-F7AED6B6A8DA}.Release|x86.Build.0 = Release|Win32
	EndGlobalSection
	GlobalSection(SolutionProperties) = preSolution
		HideSolutionNode = FALSE
	EndGlobalSection
	GlobalSection(ExtensibilityGlobals) = postSolution
		SolutionGuid = {BAFFC197-269C-42C4-9303-9AAE327FDD3B}
	EndGlobalSection
EndGlobal
